
Microsoft Visual Studio Solution File, Format Version 12.00
# Visual Studio 14
VisualStudioVersion = 14.0.24720.0
MinimumVisualStudioVersion = 10.0.40219.1
Project("{FAE04EC0-301F-11D3-BF4B-00C04F79EFBC}") = "CSharpTestBot", "CSharpTestBot\CSharpTestBot.csproj", "{70205E5D-D56B-46A4-9C1E-27C3A8E7E230}"
EndProject
Global
	GlobalSection(SolutionConfigurationPlatforms) = preSolution
		Debug|Any CPU = Debug|Any CPU
		Release|Any CPU = Release|Any CPU
	EndGlobalSection
	GlobalSection(ProjectConfigurationPlatforms) = postSolution
		{70205E5D-D56B-46A4-9C1E-27C3A8E7E230}.Debug|Any CPU.ActiveCfg = Debug|Any CPU
		{70205E5D-D56B-46A4-9C1E-27C3A8E7E230}.Debug|Any CPU.Build.0 = Debug|Any CPU
		{70205E5D-D56B-46A4-9C1E-27C3A8E7E230}.Release|Any CPU.ActiveCfg = Release|Any CPU
		{70205E5D-D56B-46A4-9C1E-27C3A8E7E230}.Release|Any CPU.Build.0 = Release|Any CPU
	EndGlobalSection
	GlobalSection(SolutionProperties) = preSolution
		HideSolutionNode = FALSE
	EndGlobalSection
EndGlobal
